{
  "requires": true,
  "lockfileVersion": 1,
  "dependencies": {
    "argparse": {
      "version": "1.0.10",
      "resolved": "https://registry.npmjs.org/argparse/-/argparse-1.0.10.tgz",
      "integrity": "sha512-o5Roy6tNG4SL/FOkCAN6RzjiakZS25RLYFrcMttJqbdd8BWrnA+fGz57iN5Pb06pvBGvl5gQ0B48dJlslXvoTg==",
      "requires": {
        "sprintf-js": "1.0.3"
      }
    },
    "balanced-match": {
      "version": "1.0.0",
      "resolved": "https://registry.npmjs.org/balanced-match/-/balanced-match-1.0.0.tgz",
      "integrity": "sha1-ibTRmasr7kneFk6gK4nORi1xt2c="
    },
    "brace-expansion": {
      "version": "1.1.11",
      "resolved": "https://registry.npmjs.org/brace-expansion/-/brace-expansion-1.1.11.tgz",
      "integrity": "sha512-iCuPHDFgrHX7H2vEI/5xpz07zSHB00TpugqhmYtVmMO6518mCuRMoOYFldEBl0g187ufozdaHgWKcYFb61qGiA==",
      "requires": {
        "balanced-match": "1.0.0",
        "concat-map": "0.0.1"
      }
    },
    "coffee-script": {
      "version": "1.12.7",
      "resolved": "https://registry.npmjs.org/coffee-script/-/coffee-script-1.12.7.tgz",
      "integrity": "sha512-fLeEhqwymYat/MpTPUjSKHVYYl0ec2mOyALEMLmzr5i1isuG+6jfI2j2d5oBO3VIzgUXgBVIcOT9uH1TFxBckw=="
    },
    "concat-map": {
      "version": "0.0.1",
      "resolved": "https://registry.npmjs.org/concat-map/-/concat-map-0.0.1.tgz",
      "integrity": "sha1-2Klr13/Wjfd5OnMDajug1UBdR3s="
    },
    "core-util-is": {
      "version": "1.0.2",
      "resolved": "https://registry.npmjs.org/core-util-is/-/core-util-is-1.0.2.tgz",
      "integrity": "sha1-tf1UIgqivFq1eqtxQMlAdUUDwac="
    },
    "duplexer": {
      "version": "0.1.1",
      "resolved": "http://registry.npmjs.org/duplexer/-/duplexer-0.1.1.tgz",
      "integrity": "sha1-rOb/gIwc5mtX0ev5eXessCM0z8E="
    },
    "ect": {
      "version": "0.5.9",
      "resolved": "https://registry.npmjs.org/ect/-/ect-0.5.9.tgz",
      "integrity": "sha1-ewTsGC67f7ORO2KeFpANsz4PTeA=",
      "requires": {
        "coffee-script": "1.12.7",
        "optimist": "0.4.0"
      }
    },
    "escape-html": {
      "version": "1.0.3",
      "resolved": "https://registry.npmjs.org/escape-html/-/escape-html-1.0.3.tgz",
      "integrity": "sha1-Aljq5NPQwJdN4cFpGI7wBR0dGYg="
    },
    "esprima": {
      "version": "2.7.3",
      "resolved": "https://registry.npmjs.org/esprima/-/esprima-2.7.3.tgz",
      "integrity": "sha1-luO3DVd59q1JzQMmc9HDEnZ7pYE="
    },
    "fastmatter": {
      "version": "1.1.1",
      "resolved": "https://registry.npmjs.org/fastmatter/-/fastmatter-1.1.1.tgz",
      "integrity": "sha1-si9s4TKsQ0Krt9Xoo+ZWPMxJvnA=",
      "requires": {
        "js-yaml": "3.4.6",
        "split": "1.0.1",
        "stream-combiner": "0.2.2",
        "through2": "2.0.3"
      }
    },
    "glob": {
      "version": "6.0.4",
      "resolved": "https://registry.npmjs.org/glob/-/glob-6.0.4.tgz",
      "integrity": "sha1-DwiGD2oVUSey+t1PnOJLGqtuTSI=",
      "requires": {
        "inflight": "1.0.6",
        "inherits": "2.0.3",
        "minimatch": "3.0.4",
        "once": "1.4.0",
        "path-is-absolute": "1.0.1"
      }
    },
    "highlight.js": {
      "version": "9.0.0",
      "resolved": "https://registry.npmjs.org/highlight.js/-/highlight.js-9.0.0.tgz",
      "integrity": "sha1-9fjVZMl6s3SgRvVZgHeuat3b5iA="
    },
    "inflight": {
      "version": "1.0.6",
      "resolved": "https://registry.npmjs.org/inflight/-/inflight-1.0.6.tgz",
      "integrity": "sha1-Sb1jMdfQLQwJvJEKEHW6gWW1bfk=",
      "requires": {
        "once": "1.4.0",
        "wrappy": "1.0.2"
      }
    },
    "inherit": {
      "version": "2.2.7",
      "resolved": "https://registry.npmjs.org/inherit/-/inherit-2.2.7.tgz",
      "integrity": "sha512-dxJmC1j0Q32NFAjvbd6g3lXYLZ49HgzotgbSMwMkoiTXGhC9412Oc24g7A7M9cPPkw/vDsF2cSII+2zJwocUtQ=="
    },
    "inherits": {
      "version": "2.0.3",
      "resolved": "https://registry.npmjs.org/inherits/-/inherits-2.0.3.tgz",
      "integrity": "sha1-Yzwsg+PaQqUC9SRmAiSA9CCCYd4="
    },
    "intl": {
      "version": "1.0.1",
      "resolved": "https://registry.npmjs.org/intl/-/intl-1.0.1.tgz",
      "integrity": "sha1-pqVmql7jc4ycF7RL+hL6TsJiP3g="
    },
    "intl-format-cache": {
      "version": "2.0.5",
      "resolved": "https://registry.npmjs.org/intl-format-cache/-/intl-format-cache-2.0.5.tgz",
      "integrity": "sha1-tITO/Lk1PzdPJd44mjzuoa8Y18k="
    },
    "intl-messageformat": {
      "version": "1.2.0",
      "resolved": "https://registry.npmjs.org/intl-messageformat/-/intl-messageformat-1.2.0.tgz",
      "integrity": "sha1-mr8LqqpxhHrwqL72rNQ333GGr3s=",
      "requires": {
        "intl-messageformat-parser": "1.2.0"
      }
    },
    "intl-messageformat-parser": {
      "version": "1.2.0",
      "resolved": "https://registry.npmjs.org/intl-messageformat-parser/-/intl-messageformat-parser-1.2.0.tgz",
      "integrity": "sha1-WQa3+VOrdHDg3IVJCXtki5kYkv8="
    },
    "isarray": {
      "version": "1.0.0",
      "resolved": "https://registry.npmjs.org/isarray/-/isarray-1.0.0.tgz",
      "integrity": "sha1-u5NdSFgsuhaMBoNJV6VKPgcSTxE="
    },
    "js-yaml": {
      "version": "3.4.6",
      "resolved": "https://registry.npmjs.org/js-yaml/-/js-yaml-3.4.6.tgz",
      "integrity": "sha1-a+GyP2JJ9T0pM3D9TRqqY84bTrA=",
      "requires": {
        "argparse": "1.0.10",
        "esprima": "2.7.3",
        "inherit": "2.2.7"
      }
    },
    "lodash": {
      "version": "3.10.1",
      "resolved": "http://registry.npmjs.org/lodash/-/lodash-3.10.1.tgz",
      "integrity": "sha1-W/Rejkm6QYnhfUgnid/RW9FAt7Y="
    },
    "marked": {
      "version": "0.3.19",
      "resolved": "http://registry.npmjs.org/marked/-/marked-0.3.19.tgz",
      "integrity": "sha512-ea2eGWOqNxPcXv8dyERdSr/6FmzvWwzjMxpfGB/sbMccXoct+xY+YukPD+QTUZwyvK7BZwcr4m21WBOW41pAkg=="
    },
    "minimatch": {
      "version": "3.0.4",
      "resolved": "https://registry.npmjs.org/minimatch/-/minimatch-3.0.4.tgz",
      "integrity": "sha512-yJHVQEhyqPLUTgt9B83PXu6W3rx4MvvHvSUvToogpwoGDOUQ+yDrR0HRot+yOCdCO7u4hX3pWft6kWBBcqh0UA==",
      "requires": {
        "brace-expansion": "1.1.11"
      }
    },
    "minimist": {
      "version": "0.0.8",
      "resolved": "http://registry.npmjs.org/minimist/-/minimist-0.0.8.tgz",
      "integrity": "sha1-hX/Kv8M5fSYluCKCYuhqp6ARsF0="
    },
    "mkdirp": {
      "version": "0.5.1",
      "resolved": "http://registry.npmjs.org/mkdirp/-/mkdirp-0.5.1.tgz",
      "integrity": "sha1-MAV0OOrGz3+MR2fzhkjWaX11yQM=",
      "requires": {
        "minimist": "0.0.8"
      }
    },
    "once": {
      "version": "1.4.0",
      "resolved": "https://registry.npmjs.org/once/-/once-1.4.0.tgz",
      "integrity": "sha1-WDsap3WWHUsROsF9nFC6753Xa9E=",
      "requires": {
        "wrappy": "1.0.2"
      }
    },
    "optimist": {
      "version": "0.4.0",
      "resolved": "https://registry.npmjs.org/optimist/-/optimist-0.4.0.tgz",
      "integrity": "sha1-y47Dfy/jqphky2eidSUOfhliCiU=",
      "requires": {
        "wordwrap": "0.0.3"
      }
    },
    "parse5": {
      "version": "2.1.5",
      "resolved": "https://registry.npmjs.org/parse5/-/parse5-2.1.5.tgz",
      "integrity": "sha1-eoZ3reJd2sBCN5Bfe+VGRVctzwU="
    },
    "path-is-absolute": {
      "version": "1.0.1",
      "resolved": "https://registry.npmjs.org/path-is-absolute/-/path-is-absolute-1.0.1.tgz",
      "integrity": "sha1-F0uSaHNVNP+8es5r9TpanhtcX18="
    },
    "process-nextick-args": {
      "version": "2.0.0",
      "resolved": "https://registry.npmjs.org/process-nextick-args/-/process-nextick-args-2.0.0.tgz",
      "integrity": "sha512-MtEC1TqN0EU5nephaJ4rAtThHtC86dNN9qCuEhtshvpVBkAW5ZO7BASN9REnF9eoXGcRub+pFuKEpOHE+HbEMw=="
    },
    "readable-stream": {
      "version": "2.3.6",
      "resolved": "http://registry.npmjs.org/readable-stream/-/readable-stream-2.3.6.tgz",
      "integrity": "sha512-tQtKA9WIAhBF3+VLAseyMqZeBjW0AHJoxOtYqSUZNJxauErmLbVm2FW1y+J/YA9dUrAC39ITejlZWhVIwawkKw==",
      "requires": {
        "core-util-is": "1.0.2",
        "inherits": "2.0.3",
        "isarray": "1.0.0",
        "process-nextick-args": "2.0.0",
        "safe-buffer": "5.1.2",
        "string_decoder": "1.1.1",
        "util-deprecate": "1.0.2"
      }
    },
    "richtypo": {
      "version": "1.0.1",
      "resolved": "https://registry.npmjs.org/richtypo/-/richtypo-1.0.1.tgz",
      "integrity": "sha1-yNO7BuwQ1gb+HeGBtKN8dFozUg0=",
      "requires": {
        "lodash": "4.6.1",
        "optimist": "0.6.1"
      },
      "dependencies": {
        "lodash": {
          "version": "4.6.1",
          "resolved": "http://registry.npmjs.org/lodash/-/lodash-4.6.1.tgz",
          "integrity": "sha1-3wDBFkrSNrGDz8OIel6NOMxjy7w="
        },
        "optimist": {
          "version": "0.6.1",
          "resolved": "https://registry.npmjs.org/optimist/-/optimist-0.6.1.tgz",
          "integrity": "sha1-2j6nRob6IaGaERwybpDrFaAZZoY=",
          "requires": {
            "minimist": "0.0.8",
            "wordwrap": "0.0.3"
          }
        }
      }
    },
    "safe-buffer": {
      "version": "5.1.2",
      "resolved": "https://registry.npmjs.org/safe-buffer/-/safe-buffer-5.1.2.tgz",
      "integrity": "sha512-Gd2UZBJDkXlY7GbJxfsE8/nvKkUEU1G38c1siN6QP6a9PT9MmHB8GnpscSmMJSoF8LOIrt8ud/wPtojys4G6+g=="
    },
    "split": {
      "version": "1.0.1",
      "resolved": "https://registry.npmjs.org/split/-/split-1.0.1.tgz",
      "integrity": "sha512-mTyOoPbrivtXnwnIxZRFYRrPNtEFKlpB2fvjSnCQUiAA6qAZzqwna5envK4uk6OIeP17CsdF3rSBGYVBsU0Tkg==",
      "requires": {
        "through": "2.3.8"
      }
    },
    "sprintf-js": {
      "version": "1.0.3",
      "resolved": "https://registry.npmjs.org/sprintf-js/-/sprintf-js-1.0.3.tgz",
      "integrity": "sha1-BOaSb2YolTVPPdAVIDYzuFcpfiw="
    },
    "stream-combiner": {
      "version": "0.2.2",
      "resolved": "http://registry.npmjs.org/stream-combiner/-/stream-combiner-0.2.2.tgz",
      "integrity": "sha1-rsjLrBd7Vrb0+kec7YwZEs7lKFg=",
      "requires": {
        "duplexer": "0.1.1",
        "through": "2.3.8"
      }
    },
    "string_decoder": {
      "version": "1.1.1",
      "resolved": "https://registry.npmjs.org/string_decoder/-/string_decoder-1.1.1.tgz",
      "integrity": "sha512-n/ShnvDi6FHbbVfviro+WojiFzv+s8MPMHBczVePfUpDJLwoLT0ht1l4YwBCbi8pJAveEEdnkHyPyTP/mzRfwg==",
      "requires": {
        "safe-buffer": "5.1.2"
      }
    },
    "strip": {
      "version": "0.0.7",
      "resolved": "https://registry.npmjs.org/strip/-/strip-0.0.7.tgz",
      "integrity": "sha1-FJCmFRp8wz1aXeooWRMWzMxePRY="
    },
    "sweet2": {
      "version": "2.0.0",
      "resolved": "https://registry.npmjs.org/sweet2/-/sweet2-2.0.0.tgz",
      "integrity": "sha1-Z0u2XZBjJv1rW3k4i901xZfcRDg=",
      "requires": {
        "ect": "0.5.9",
        "escape-html": "1.0.3",
        "fastmatter": "1.1.1",
        "glob": "6.0.4",
        "highlight.js": "9.0.0",
        "intl": "1.0.1",
        "intl-format-cache": "2.0.5",
        "intl-messageformat": "1.2.0",
        "js-yaml": "3.4.6",
        "lodash": "3.10.1",
        "marked": "0.3.19",
        "mkdirp": "0.5.1",
        "parse5": "2.1.5",
        "richtypo": "1.0.1",
        "strip": "0.0.7"
      }
    },
    "sweetalert2": {
      "version": "7.28.4",
      "resolved": "https://registry.npmjs.org/sweetalert2/-/sweetalert2-7.28.4.tgz",
      "integrity": "sha512-HEAfIAPactjB8CvgsJClxT+6wv2OGh/KkgvgJ8xR28uAXtx9BUQAlws1mruaS7Jzn8gIt6esx4BEZLaZSGvBZw=="
    },
    "through": {
      "version": "2.3.8",
      "resolved": "http://registry.npmjs.org/through/-/through-2.3.8.tgz",
      "integrity": "sha1-DdTJ/6q8NXlgsbckEV1+Doai4fU="
    },
    "through2": {
      "version": "2.0.3",
      "resolved": "https://registry.npmjs.org/through2/-/through2-2.0.3.tgz",
      "integrity": "sha1-AARWmzfHx0ujnEPzzteNGtlBQL4=",
      "requires": {
        "readable-stream": "2.3.6",
        "xtend": "4.0.1"
      }
    },
    "util-deprecate": {
      "version": "1.0.2",
      "resolved": "https://registry.npmjs.org/util-deprecate/-/util-deprecate-1.0.2.tgz",
      "integrity": "sha1-RQ1Nyfpw3nMnYvvS1KKJgUGaDM8="
    },
    "wordwrap": {
      "version": "0.0.3",
      "resolved": "https://registry.npmjs.org/wordwrap/-/wordwrap-0.0.3.tgz",
      "integrity": "sha1-o9XabNXAvAAI03I0u68b7WMFkQc="
    },
    "wrappy": {
      "version": "1.0.2",
      "resolved": "https://registry.npmjs.org/wrappy/-/wrappy-1.0.2.tgz",
      "integrity": "sha1-tSQ9jz7BqjXxNkYFvA0QNuMKtp8="
    },
    "xtend": {
      "version": "4.0.1",
      "resolved": "https://registry.npmjs.org/xtend/-/xtend-4.0.1.tgz",
      "integrity": "sha1-pcbVMr5lbiPbgg77lDofBJmNY68="
    }
  }
}
